<?xml version="1.0" encoding="utf-8"?>
<Project ToolsVersion="4.0" xmlns="http://schemas.microsoft.com/developer/msbuild/2003">
  <ItemGroup>
    <Filter Include="リソース ファイル">
      <UniqueIdentifier>{67DA6AB6-F800-4c08-8B7A-83BB121AAD01}</UniqueIdentifier>
      <Extensions>rc;ico;cur;bmp;dlg;rc2;rct;bin;rgs;gif;jpg;jpeg;jpe;resx;tiff;tif;png;wav;mfcribbon-ms</Extensions>
    </Filter>
    <Filter Include="Engine">
      <UniqueIdentifier>{5f43871b-5b95-44ab-a48d-34cc2d7426af}</UniqueIdentifier>
    </Filter>
    <Filter Include="Shader">
      <UniqueIdentifier>{54209405-03f9-448b-a7b1-a929cdee193b}</UniqueIdentifier>
    </Filter>
    <Filter Include="Scene">
      <UniqueIdentifier>{0f39fa86-a30a-4884-9ec4-7c65a42092bf}</UniqueIdentifier>
    </Filter>
    <Filter Include="Engine\AI">
      <UniqueIdentifier>{5a2013c0-81b8-4240-af78-b0e6801fbf1b}</UniqueIdentifier>
    </Filter>
  </ItemGroup>
  <ItemGroup>
    <ClCompile Include="Engine\Camera.cpp">
      <Filter>Engine</Filter>
    </ClCompile>
    <ClCompile Include="Engine\Direct3D.cpp">
      <Filter>Engine</Filter>
    </ClCompile>
    <ClCompile Include="Engine\Fbx.cpp">
      <Filter>Engine</Filter>
    </ClCompile>
    <ClCompile Include="Engine\Input.cpp">
      <Filter>Engine</Filter>
    </ClCompile>
    <ClCompile Include="Engine\Quad.cpp">
      <Filter>Engine</Filter>
    </ClCompile>
    <ClCompile Include="Engine\Sprite.cpp">
      <Filter>Engine</Filter>
    </ClCompile>
    <ClCompile Include="Engine\Texture.cpp">
      <Filter>Engine</Filter>
    </ClCompile>
    <ClCompile Include="Engine\Transform.cpp">
      <Filter>Engine</Filter>
    </ClCompile>
    <ClCompile Include="Engine\GameObject.cpp">
      <Filter>Engine</Filter>
    </ClCompile>
    <ClCompile Include="Engine\RootJob.cpp">
      <Filter>Engine</Filter>
    </ClCompile>
    <ClCompile Include="Engine\Model.cpp">
      <Filter>Engine</Filter>
    </ClCompile>
    <ClCompile Include="Engine\SceneManager.cpp">
      <Filter>Engine</Filter>
    </ClCompile>
    <ClCompile Include="Engine\SphereCollider.cpp">
      <Filter>Engine</Filter>
    </ClCompile>
    <ClCompile Include="Engine\Image.cpp">
      <Filter>Engine</Filter>
    </ClCompile>
    <ClCompile Include="Engine\Text.cpp">
      <Filter>Engine</Filter>
    </ClCompile>
    <ClCompile Include="Engine\FbxParts.cpp">
      <Filter>Engine</Filter>
    </ClCompile>
    <ClCompile Include="Engine\Easing.cpp">
      <Filter>Engine</Filter>
    </ClCompile>
    <ClCompile Include="Button.cpp" />
    <ClCompile Include="main.cpp" />
    <ClCompile Include="Stage.cpp" />
    <ClCompile Include="StageOrigin.cpp" />
    <ClCompile Include="Timer.cpp" />
    <ClCompile Include="Togetoge.cpp" />
    <ClCompile Include="Scene\PlayScene.cpp">
      <Filter>Scene</Filter>
    </ClCompile>
    <ClCompile Include="Scene\ResultScene.cpp">
      <Filter>Scene</Filter>
    </ClCompile>
    <ClCompile Include="Scene\SceneTransition.cpp">
      <Filter>Scene</Filter>
    </ClCompile>
    <ClCompile Include="Scene\TitleScene.cpp">
      <Filter>Scene</Filter>
    </ClCompile>
    <ClCompile Include="Scene\BetweenScene.cpp">
      <Filter>Scene</Filter>
    </ClCompile>
    <ClCompile Include="Scene\MapEditScene.cpp">
      <Filter>Scene</Filter>
    </ClCompile>
    <ClCompile Include="Engine\Shaker.cpp">
      <Filter>Engine</Filter>
    </ClCompile>
    <ClCompile Include="Engine\BillBoard.cpp">
      <Filter>Engine</Filter>
    </ClCompile>
    <ClCompile Include="Engine\VFX.cpp">
      <Filter>Engine</Filter>
    </ClCompile>
    <ClCompile Include="Engine\Audio.cpp">
      <Filter>Engine</Filter>
    </ClCompile>
    <ClCompile Include="Scene\ExpantionScene.cpp">
      <Filter>Scene</Filter>
    </ClCompile>
    <ClCompile Include="Engine\Fade.cpp">
      <Filter>Engine</Filter>
    </ClCompile>
    <ClCompile Include="MathInit.cpp" />
    <ClCompile Include="GamePlayer.cpp" />
    <ClCompile Include="ButtonManager.cpp" />
    <ClCompile Include="Player\AIWork.cpp" />
    <ClCompile Include="Player\EnemyAI.cpp" />
    <ClCompile Include="Player\Player.cpp" />
    <ClCompile Include="Player\State\PlayerState.cpp" />
    <ClCompile Include="Player\State\StateManager.cpp" />
    <ClCompile Include="RadioButton.cpp" />
    <ClCompile Include="Engine\Node.cpp">
      <Filter>Engine\AI</Filter>
    </ClCompile>
  </ItemGroup>
  <ItemGroup>
    <FxCompile Include="Shader\Simple2D.hlsl">
      <Filter>Shader</Filter>
    </FxCompile>
    <FxCompile Include="Shader\Simple3D.hlsl">
      <Filter>Shader</Filter>
    </FxCompile>
    <FxCompile Include="Shader\BillBoard.hlsl">
      <Filter>Shader</Filter>
    </FxCompile>
  </ItemGroup>
  <ItemGroup>
    <ClInclude Include="Engine\Camera.h">
      <Filter>Engine</Filter>
    </ClInclude>
    <ClInclude Include="Engine\Direct3D.h">
      <Filter>Engine</Filter>
    </ClInclude>
    <ClInclude Include="Engine\Easing.h">
      <Filter>Engine</Filter>
    </ClInclude>
    <ClInclude Include="Engine\Fbx.h">
      <Filter>Engine</Filter>
    </ClInclude>
    <ClInclude Include="Engine\FbxParts.h">
      <Filter>Engine</Filter>
    </ClInclude>
    <ClInclude Include="Engine\GameObject.h">
      <Filter>Engine</Filter>
    </ClInclude>
    <ClInclude Include="Engine\Image.h">
      <Filter>Engine</Filter>
    </ClInclude>
    <ClInclude Include="Engine\Input.h">
      <Filter>Engine</Filter>
    </ClInclude>
    <ClInclude Include="Engine\Model.h">
      <Filter>Engine</Filter>
    </ClInclude>
    <ClInclude Include="Engine\Quad.h">
      <Filter>Engine</Filter>
    </ClInclude>
    <ClInclude Include="Engine\RootJob.h">
      <Filter>Engine</Filter>
    </ClInclude>
    <ClInclude Include="Engine\SceneManager.h">
      <Filter>Engine</Filter>
    </ClInclude>
    <ClInclude Include="Engine\SphereCollider.h">
      <Filter>Engine</Filter>
    </ClInclude>
    <ClInclude Include="Engine\Sprite.h">
      <Filter>Engine</Filter>
    </ClInclude>
    <ClInclude Include="Engine\Text.h">
      <Filter>Engine</Filter>
    </ClInclude>
    <ClInclude Include="Engine\Texture.h">
      <Filter>Engine</Filter>
    </ClInclude>
    <ClInclude Include="Engine\Transform.h">
      <Filter>Engine</Filter>
    </ClInclude>
    <ClInclude Include="Button.h" />
    <ClInclude Include="Player.h" />
    <ClInclude Include="resource.h" />
    <ClInclude Include="Stage.h" />
    <ClInclude Include="StageOrigin.h" />
    <ClInclude Include="Timer.h" />
    <ClInclude Include="Togetoge.h" />
    <ClInclude Include="Scene\PlayScene.h">
      <Filter>Scene</Filter>
    </ClInclude>
    <ClInclude Include="Scene\ResultScene.h">
      <Filter>Scene</Filter>
    </ClInclude>
    <ClInclude Include="Scene\SceneTransition.h">
      <Filter>Scene</Filter>
    </ClInclude>
    <ClInclude Include="Scene\TitleScene.h">
      <Filter>Scene</Filter>
    </ClInclude>
    <ClInclude Include="Scene\BetweenScene.h">
      <Filter>Scene</Filter>
    </ClInclude>
    <ClInclude Include="Scene\MapEditScene.h">
      <Filter>Scene</Filter>
    </ClInclude>
    <ClInclude Include="Engine\Shaker.h">
      <Filter>Engine</Filter>
    </ClInclude>
    <ClInclude Include="Engine\BillBoard.h">
      <Filter>Engine</Filter>
    </ClInclude>
    <ClInclude Include="Engine\VFX.h">
      <Filter>Engine</Filter>
    </ClInclude>
    <ClInclude Include="Engine\Audio.h">
      <Filter>Engine</Filter>
    </ClInclude>
    <ClInclude Include="Scene\ExpantionScene.h">
      <Filter>Scene</Filter>
    </ClInclude>
    <ClInclude Include="Engine\Fade.h">
      <Filter>Engine</Filter>
    </ClInclude>
    <ClInclude Include="MathInit.h" />
    <ClInclude Include="GamePlayer.h" />
    <ClInclude Include="ButtonManager.h" />
    <ClInclude Include="Player\AIWork.h" />
    <ClInclude Include="Player\EnemyAI.h" />
    <ClInclude Include="Player\Player.h" />
    <ClInclude Include="Player\State\PlayerState.h" />
    <ClInclude Include="Player\State\StateBase.h" />
    <ClInclude Include="Player\State\StateManager.h" />
    <ClInclude Include="RadioButton.h" />
    <ClInclude Include="Engine\Work.h">
      <Filter>Engine\AI</Filter>
    </ClInclude>
    <ClInclude Include="Engine\Node.h">
      <Filter>Engine\AI</Filter>
    </ClInclude>
  </ItemGroup>
  <ItemGroup>
    <ResourceCompile Include="MapEditor.rc">
      <Filter>リソース ファイル</Filter>
    </ResourceCompile>
  </ItemGroup>
  <ItemGroup>
    <None Include="packages.config" />
    <None Include="ClassDiagram.cd" />
    <None Include="ClassDiagram1.cd" />
  </ItemGroup>
</Project>